
Microsoft Visual Studio Solution File, Format Version 12.00
# Visual Studio Version 17
VisualStudioVersion = 17.12.35527.113 d17.12
MinimumVisualStudioVersion = 10.0.40219.1
Project("{FAE04EC0-301F-11D3-BF4B-00C04F79EFBC}") = "Nightmare Editor", "Nightmare Editor\Nightmare Editor.csproj", "{5F46AE20-EA89-4BCF-8B5D-CA6C734607A7}"
EndProject
Global
	GlobalSection(SolutionConfigurationPlatforms) = preSolution
		Debug|Any CPU = Debug|Any CPU
		Release|Any CPU = Release|Any CPU
	EndGlobalSection
	GlobalSection(ProjectConfigurationPlatforms) = postSolution
		{5F46AE20-EA89-4BCF-8B5D-CA6C734607A7}.Debug|Any CPU.ActiveCfg = Debug|Any CPU
		{5F46AE20-EA89-4BCF-8B5D-CA6C734607A7}.Debug|Any CPU.Build.0 = Debug|Any CPU
		{5F46AE20-EA89-4BCF-8B5D-CA6C734607A7}.Release|Any CPU.ActiveCfg = Release|Any CPU
		{5F46AE20-EA89-4BCF-8B5D-CA6C734607A7}.Release|Any CPU.Build.0 = Release|Any CPU
	EndGlobalSection
	GlobalSection(SolutionProperties) = preSolution
		HideSolutionNode = FALSE
	EndGlobalSection
EndGlobal
